<?xml version="1.0" encoding="utf-8"?>
<Project ToolsVersion="4.0" xmlns="http://schemas.microsoft.com/developer/msbuild/2003">
  <ItemGroup>
    <Filter Include="Source Files">
      <UniqueIdentifier>{4FC737F1-C7A5-4376-A066-2A32D752A2FF}</UniqueIdentifier>
      <Extensions>cpp;c;cc;cxx;def;odl;idl;hpj;bat;asm;asmx</Extensions>
    </Filter>
    <Filter Include="Header Files">
      <UniqueIdentifier>{93995380-89BD-4b04-88EB-625FBE52EBFB}</UniqueIdentifier>
      <Extensions>h;hh;hpp;hxx;hm;inl;inc;xsd</Extensions>
    </Filter>
    <Filter Include="Resource Files">
      <UniqueIdentifier>{67DA6AB6-F800-4c08-8B7A-83BB121AAD01}</UniqueIdentifier>
      <Extensions>rc;ico;cur;bmp;dlg;rc2;rct;bin;rgs;gif;jpg;jpeg;jpe;resx;tiff;tif;png;wav;mfcribbon-ms</Extensions>
    </Filter>
  </ItemGroup>
  <ItemGroup>
    <ClCompile Include="andGate.cpp">
      <Filter>Source Files</Filter>
    </ClCompile>
    <ClCompile Include="controller.cpp">
      <Filter>Source Files</Filter>
    </ClCompile>
    <ClCompile Include="datapatch.cpp">
      <Filter>Source Files</Filter>
    </ClCompile>
    <ClCompile Include="dRegisterRaE.cpp">
      <Filter>Source Files</Filter>
    </ClCompile>
    <ClCompile Include="multiplier.cpp">
      <Filter>Source Files</Filter>
    </ClCompile>
    <ClCompile Include="multiplier_Main.cpp">
      <Filter>Source Files</Filter>
    </ClCompile>
    <ClCompile Include="multiplier_TB.cpp">
      <Filter>Source Files</Filter>
    </ClCompile>
    <ClCompile Include="nBitAdder.cpp">
      <Filter>Source Files</Filter>
    </ClCompile>
    <ClCompile Include="octalMux2to1.cpp">
      <Filter>Source Files</Filter>
    </ClCompile>
    <ClCompile Include="octalTriState.cpp">
      <Filter>Source Files</Filter>
    </ClCompile>
    <ClCompile Include="rShifterRaEL.cpp">
      <Filter>Source Files</Filter>
    </ClCompile>
    <ClCompile Include="uCounterRaEL.cpp">
      <Filter>Source Files</Filter>
    </ClCompile>
  </ItemGroup>
  <ItemGroup>
    <ClInclude Include="andGate.h">
      <Filter>Header Files</Filter>
    </ClInclude>
    <ClInclude Include="controller.h">
      <Filter>Header Files</Filter>
    </ClInclude>
    <ClInclude Include="datapath.h">
      <Filter>Header Files</Filter>
    </ClInclude>
    <ClInclude Include="dRegisterRaE.h">
      <Filter>Header Files</Filter>
    </ClInclude>
    <ClInclude Include="multiplier.h">
      <Filter>Header Files</Filter>
    </ClInclude>
    <ClInclude Include="multiplier_TB.h">
      <Filter>Header Files</Filter>
    </ClInclude>
    <ClInclude Include="nBitAdder.h">
      <Filter>Header Files</Filter>
    </ClInclude>
    <ClInclude Include="octalMux2to1.h">
      <Filter>Header Files</Filter>
    </ClInclude>
    <ClInclude Include="octalTriState.h">
      <Filter>Header Files</Filter>
    </ClInclude>
    <ClInclude Include="rShifterRaEL.h">
      <Filter>Header Files</Filter>
    </ClInclude>
    <ClInclude Include="uCounterRaEL.h">
      <Filter>Header Files</Filter>
    </ClInclude>
  </ItemGroup>
</Project>